
Microsoft Visual Studio Solution File, Format Version 12.00
# Visual Studio 2013
VisualStudioVersion = 12.0.30723.0
MinimumVisualStudioVersion = 10.0.40219.1
Project("{FAE04EC0-301F-11D3-BF4B-00C04F79EFBC}") = "TestingFakeDBContext", "TestingFakeDBContext\TestingFakeDBContext.csproj", "{79665924-6FA5-4BAC-BC5F-1127A15978F0}"
EndProject
Project("{FAE04EC0-301F-11D3-BF4B-00C04F79EFBC}") = "TestingFakeDBContext.Tests", "TestingFakeDBContext.Tests\TestingFakeDBContext.Tests.csproj", "{2975F0EB-183A-4E3D-B695-4DEE8BBD913B}"
EndProject
Global
	GlobalSection(SolutionConfigurationPlatforms) = preSolution
		Debug|Any CPU = Debug|Any CPU
		Release|Any CPU = Release|Any CPU
	EndGlobalSection
	GlobalSection(ProjectConfigurationPlatforms) = postSolution
		{79665924-6FA5-4BAC-BC5F-1127A15978F0}.Debug|Any CPU.ActiveCfg = Debug|Any CPU
		{79665924-6FA5-4BAC-BC5F-1127A15978F0}.Debug|Any CPU.Build.0 = Debug|Any CPU
		{79665924-6FA5-4BAC-BC5F-1127A15978F0}.Release|Any CPU.ActiveCfg = Release|Any CPU
		{79665924-6FA5-4BAC-BC5F-1127A15978F0}.Release|Any CPU.Build.0 = Release|Any CPU
		{2975F0EB-183A-4E3D-B695-4DEE8BBD913B}.Debug|Any CPU.ActiveCfg = Debug|Any CPU
		{2975F0EB-183A-4E3D-B695-4DEE8BBD913B}.Debug|Any CPU.Build.0 = Debug|Any CPU
		{2975F0EB-183A-4E3D-B695-4DEE8BBD913B}.Release|Any CPU.ActiveCfg = Release|Any CPU
		{2975F0EB-183A-4E3D-B695-4DEE8BBD913B}.Release|Any CPU.Build.0 = Release|Any CPU
	EndGlobalSection
	GlobalSection(SolutionProperties) = preSolution
		HideSolutionNode = FALSE
	EndGlobalSection
EndGlobal
